
Microsoft Visual Studio Solution File, Format Version 12.00
# Visual Studio Version 16
VisualStudioVersion = 16.0.30524.135
MinimumVisualStudioVersion = 10.0.40219.1
Project("{9A19103F-16F7-4668-BE54-9A1E7A4F7556}") = "CloneAzdoDashboard", "CloneAzdoDashboard\CloneAzdoDashboard.csproj", "{2A2FD007-C8E0-4165-9FF5-E74F4CC0D332}"
EndProject
Project("{2150E333-8FDC-42A3-9474-1A3956D46DE8}") = "Solution Items", "Solution Items", "{9E46F8C8-D9C6-42A4-AD01-A7CCB110C92D}"
	ProjectSection(SolutionItems) = preProject
		README.md = README.md
	EndProjectSection
EndProject
Global
	GlobalSection(SolutionConfigurationPlatforms) = preSolution
		Debug|Any CPU = Debug|Any CPU
		Release|Any CPU = Release|Any CPU
	EndGlobalSection
	GlobalSection(ProjectConfigurationPlatforms) = postSolution
		{2A2FD007-C8E0-4165-9FF5-E74F4CC0D332}.Debug|Any CPU.ActiveCfg = Debug|Any CPU
		{2A2FD007-C8E0-4165-9FF5-E74F4CC0D332}.Debug|Any CPU.Build.0 = Debug|Any CPU
		{2A2FD007-C8E0-4165-9FF5-E74F4CC0D332}.Release|Any CPU.ActiveCfg = Release|Any CPU
		{2A2FD007-C8E0-4165-9FF5-E74F4CC0D332}.Release|Any CPU.Build.0 = Release|Any CPU
	EndGlobalSection
	GlobalSection(SolutionProperties) = preSolution
		HideSolutionNode = FALSE
	EndGlobalSection
	GlobalSection(ExtensibilityGlobals) = postSolution
		SolutionGuid = {E15D9EF4-163D-4859-81D0-651E4F48D874}
	EndGlobalSection
EndGlobal
